
Microsoft Visual Studio Solution File, Format Version 12.00
# Visual Studio Version 16
VisualStudioVersion = 16.0.30128.74
MinimumVisualStudioVersion = 10.0.40219.1
Project("{FAE04EC0-301F-11D3-BF4B-00C04F79EFBC}") = "100Bgw", "100Bgw.csproj", "{590DD9B5-9AA1-49E3-AEA4-3007F4EEAF2B}"
EndProject
Global
	GlobalSection(SolutionConfigurationPlatforms) = preSolution
		Debug|Any CPU = Debug|Any CPU
		Release|Any CPU = Release|Any CPU
	EndGlobalSection
	GlobalSection(ProjectConfigurationPlatforms) = postSolution
		{590DD9B5-9AA1-49E3-AEA4-3007F4EEAF2B}.Debug|Any CPU.ActiveCfg = Debug|Any CPU
		{590DD9B5-9AA1-49E3-AEA4-3007F4EEAF2B}.Debug|Any CPU.Build.0 = Debug|Any CPU
		{590DD9B5-9AA1-49E3-AEA4-3007F4EEAF2B}.Release|Any CPU.ActiveCfg = Release|Any CPU
		{590DD9B5-9AA1-49E3-AEA4-3007F4EEAF2B}.Release|Any CPU.Build.0 = Release|Any CPU
	EndGlobalSection
	GlobalSection(SolutionProperties) = preSolution
		HideSolutionNode = FALSE
	EndGlobalSection
	GlobalSection(ExtensibilityGlobals) = postSolution
		SolutionGuid = {A30770FE-34E2-4852-98C7-C5480ABDCDDA}
	EndGlobalSection
EndGlobal
